
Microsoft Visual Studio Solution File, Format Version 12.00
# Visual Studio 15
Project("{8BC9CEB8-8B4A-11D0-8D11-00A0C91BC942}") = "ALL_BUILD", "ALL_BUILD.vcxproj", "{616F6684-28C7-337B-AB60-59A184E27911}"
	ProjectSection(ProjectDependencies) = postProject
		{E8797DB6-2A16-3758-8BC0-790152E008C1} = {E8797DB6-2A16-3758-8BC0-790152E008C1}
		{C8F2677A-B1F9-3C9C-A092-AAE4F46A9FB8} = {C8F2677A-B1F9-3C9C-A092-AAE4F46A9FB8}
	EndProjectSection
EndProject
Project("{8BC9CEB8-8B4A-11D0-8D11-00A0C91BC942}") = "OpenGLDemo", "OpenGLDemo.vcxproj", "{E8797DB6-2A16-3758-8BC0-790152E008C1}"
	ProjectSection(ProjectDependencies) = postProject
		{C8F2677A-B1F9-3C9C-A092-AAE4F46A9FB8} = {C8F2677A-B1F9-3C9C-A092-AAE4F46A9FB8}
	EndProjectSection
EndProject
Project("{8BC9CEB8-8B4A-11D0-8D11-00A0C91BC942}") = "ZERO_CHECK", "ZERO_CHECK.vcxproj", "{C8F2677A-B1F9-3C9C-A092-AAE4F46A9FB8}"
	ProjectSection(ProjectDependencies) = postProject
	EndProjectSection
EndProject
Global
	GlobalSection(SolutionConfigurationPlatforms) = preSolution
		Debug|x64 = Debug|x64
		Release|x64 = Release|x64
	EndGlobalSection
	GlobalSection(ProjectConfigurationPlatforms) = postSolution
		{616F6684-28C7-337B-AB60-59A184E27911}.Debug|x64.ActiveCfg = Debug|x64
		{616F6684-28C7-337B-AB60-59A184E27911}.Release|x64.ActiveCfg = Release|x64
		{E8797DB6-2A16-3758-8BC0-790152E008C1}.Debug|x64.ActiveCfg = Debug|x64
		{E8797DB6-2A16-3758-8BC0-790152E008C1}.Debug|x64.Build.0 = Debug|x64
		{E8797DB6-2A16-3758-8BC0-790152E008C1}.Release|x64.ActiveCfg = Release|x64
		{E8797DB6-2A16-3758-8BC0-790152E008C1}.Release|x64.Build.0 = Release|x64
		{C8F2677A-B1F9-3C9C-A092-AAE4F46A9FB8}.Debug|x64.ActiveCfg = Debug|x64
		{C8F2677A-B1F9-3C9C-A092-AAE4F46A9FB8}.Debug|x64.Build.0 = Debug|x64
		{C8F2677A-B1F9-3C9C-A092-AAE4F46A9FB8}.Release|x64.ActiveCfg = Release|x64
		{C8F2677A-B1F9-3C9C-A092-AAE4F46A9FB8}.Release|x64.Build.0 = Release|x64
	EndGlobalSection
	GlobalSection(ExtensibilityGlobals) = postSolution
		SolutionGuid = {3AA06DAC-CA92-3829-804F-F0B920D99757}
	EndGlobalSection
	GlobalSection(ExtensibilityAddIns) = postSolution
	EndGlobalSection
EndGlobal
