
Microsoft Visual Studio Solution File, Format Version 12.00
# Visual Studio 15
VisualStudioVersion = 15.0.28307.1778
MinimumVisualStudioVersion = 10.0.40219.1
Project("{8BC9CEB8-8B4A-11D0-8D11-00A0C91BC942}") = "OpenGLDemo", "OpenGLDemo.vcxproj", "{8C5E9A89-668F-4850-A815-E5D586FB9674}"
EndProject
Global
	GlobalSection(SolutionConfigurationPlatforms) = preSolution
		Debug|x64 = Debug|x64
		Debug|x86 = Debug|x86
		Release|x64 = Release|x64
		Release|x86 = Release|x86
	EndGlobalSection
	GlobalSection(ProjectConfigurationPlatforms) = postSolution
		{8C5E9A89-668F-4850-A815-E5D586FB9674}.Debug|x64.ActiveCfg = Debug|x64
		{8C5E9A89-668F-4850-A815-E5D586FB9674}.Debug|x64.Build.0 = Debug|x64
		{8C5E9A89-668F-4850-A815-E5D586FB9674}.Debug|x86.ActiveCfg = Debug|Win32
		{8C5E9A89-668F-4850-A815-E5D586FB9674}.Debug|x86.Build.0 = Debug|Win32
		{8C5E9A89-668F-4850-A815-E5D586FB9674}.Release|x64.ActiveCfg = Release|x64
		{8C5E9A89-668F-4850-A815-E5D586FB9674}.Release|x64.Build.0 = Release|x64
		{8C5E9A89-668F-4850-A815-E5D586FB9674}.Release|x86.ActiveCfg = Release|Win32
		{8C5E9A89-668F-4850-A815-E5D586FB9674}.Release|x86.Build.0 = Release|Win32
	EndGlobalSection
	GlobalSection(SolutionProperties) = preSolution
		HideSolutionNode = FALSE
	EndGlobalSection
	GlobalSection(ExtensibilityGlobals) = postSolution
		SolutionGuid = {9817B2BA-20A0-4A4B-BC19-40F95E12D3EB}
	EndGlobalSection
EndGlobal
